// !$*UTF8*$!
{
	archiveVersion = 1;
	classes = {
	};
	objectVersion = 46;
	objects = {

/* Begin PBXBuildFile section */
		7D1110261C7F97CB00C903A2 /* AppDelegate.swift in Sources */ = {isa = PBXBuildFile; fileRef = 7D1110251C7F97CB00C903A2 /* AppDelegate.swift */; };
		7D1110281C7F97CB00C903A2 /* ViewController.swift in Sources */ = {isa = PBXBuildFile; fileRef = 7D1110271C7F97CB00C903A2 /* ViewController.swift */; };
		7D11102B1C7F97CB00C903A2 /* Main.storyboard in Resources */ = {isa = PBXBuildFile; fileRef = 7D1110291C7F97CB00C903A2 /* Main.storyboard */; };
		7D11102D1C7F97CB00C903A2 /* Assets.xcassets in Resources */ = {isa = PBXBuildFile; fileRef = 7D11102C1C7F97CB00C903A2 /* Assets.xcassets */; };
		7D1110301C7F97CB00C903A2 /* LaunchScreen.storyboard in Resources */ = {isa = PBXBuildFile; fileRef = 7D11102E1C7F97CB00C903A2 /* LaunchScreen.storyboard */; };
		7D11103B1C7F97CB00C903A2 /* CalculadoraIMCTests.swift in Sources */ = {isa = PBXBuildFile; fileRef = 7D11103A1C7F97CB00C903A2 /* CalculadoraIMCTests.swift */; };
		7D1110461C7F97CB00C903A2 /* CalculadoraIMCUITests.swift in Sources */ = {isa = PBXBuildFile; fileRef = 7D1110451C7F97CB00C903A2 /* CalculadoraIMCUITests.swift */; };
/* End PBXBuildFile section */

/* Begin PBXContainerItemProxy section */
		7D1110371C7F97CB00C903A2 /* PBXContainerItemProxy */ = {
			isa = PBXContainerItemProxy;
			containerPortal = 7D11101A1C7F97CB00C903A2 /* Project object */;
			proxyType = 1;
			remoteGlobalIDString = 7D1110211C7F97CB00C903A2;
			remoteInfo = CalculadoraIMC;
		};
		7D1110421C7F97CB00C903A2 /* PBXContainerItemProxy */ = {
			isa = PBXContainerItemProxy;
			containerPortal = 7D11101A1C7F97CB00C903A2 /* Project object */;
			proxyType = 1;
			remoteGlobalIDString = 7D1110211C7F97CB00C903A2;
			remoteInfo = CalculadoraIMC;
		};
/* End PBXContainerItemProxy section */

/* Begin PBXFileReference section */
		7D1110221C7F97CB00C903A2 /* CalculadoraIMC.app */ = {isa = PBXFileReference; explicitFileType = wrapper.application; includeInIndex = 0; path = CalculadoraIMC.app; sourceTree = BUILT_PRODUCTS_DIR; };
		7D1110251C7F97CB00C903A2 /* AppDelegate.swift */ = {isa = PBXFileReference; lastKnownFileType = sourcecode.swift; path = AppDelegate.swift; sourceTree = "<group>"; };
		7D1110271C7F97CB00C903A2 /* ViewController.swift */ = {isa = PBXFileReference; lastKnownFileType = sourcecode.swift; path = ViewController.swift; sourceTree = "<group>"; };
		7D11102A1C7F97CB00C903A2 /* Base */ = {isa = PBXFileReference; lastKnownFileType = file.storyboard; name = Base; path = Base.lproj/Main.storyboard; sourceTree = "<group>"; };
		7D11102C1C7F97CB00C903A2 /* Assets.xcassets */ = {isa = PBXFileReference; lastKnownFileType = folder.assetcatalog; path = Assets.xcassets; sourceTree = "<group>"; };
		7D11102F1C7F97CB00C903A2 /* Base */ = {isa = PBXFileReference; lastKnownFileType = file.storyboard; name = Base; path = Base.lproj/LaunchScreen.storyboard; sourceTree = "<group>"; };
		7D1110311C7F97CB00C903A2 /* Info.plist */ = {isa = PBXFileReference; lastKnownFileType = text.plist.xml; path = Info.plist; sourceTree = "<group>"; };
		7D1110361C7F97CB00C903A2 /* CalculadoraIMCTests.xctest */ = {isa = PBXFileReference; explicitFileType = wrapper.cfbundle; includeInIndex = 0; path = CalculadoraIMCTests.xctest; sourceTree = BUILT_PRODUCTS_DIR; };
		7D11103A1C7F97CB00C903A2 /* CalculadoraIMCTests.swift */ = {isa = PBXFileReference; lastKnownFileType = sourcecode.swift; path = CalculadoraIMCTests.swift; sourceTree = "<group>"; };
		7D11103C1C7F97CB00C903A2 /* Info.plist */ = {isa = PBXFileReference; lastKnownFileType = text.plist.xml; path = Info.plist; sourceTree = "<group>"; };
		7D1110411C7F97CB00C903A2 /* CalculadoraIMCUITests.xctest */ = {isa = PBXFileReference; explicitFileType = wrapper.cfbundle; includeInIndex = 0; path = CalculadoraIMCUITests.xctest; sourceTree = BUILT_PRODUCTS_DIR; };
		7D1110451C7F97CB00C903A2 /* CalculadoraIMCUITests.swift */ = {isa = PBXFileReference; lastKnownFileType = sourcecode.swift; path = CalculadoraIMCUITests.swift; sourceTree = "<group>"; };
		7D1110471C7F97CB00C903A2 /* Info.plist */ = {isa = PBXFileReference; lastKnownFileType = text.plist.xml; path = Info.plist; sourceTree = "<group>"; };
/* End PBXFileReference section */

/* Begin PBXFrameworksBuildPhase section */
		7D11101F1C7F97CB00C903A2 /* Frameworks */ = {
			isa = PBXFrameworksBuildPhase;
			buildActionMask = 2147483647;
			files = (
			);
			runOnlyForDeploymentPostprocessing = 0;
		};
		7D1110331C7F97CB00C903A2 /* Frameworks */ = {
			isa = PBXFrameworksBuildPhase;
			buildActionMask = 2147483647;
			files = (
			);
			runOnlyForDeploymentPostprocessing = 0;
		};
		7D11103E1C7F97CB00C903A2 /* Frameworks */ = {
			isa = PBXFrameworksBuildPhase;
			buildActionMask = 2147483647;
			files = (
			);
			runOnlyForDeploymentPostprocessing = 0;
		};
/* End PBXFrameworksBuildPhase section */

/* Begin PBXGroup section */
		7D1110191C7F97CB00C903A2 = {
			isa = PBXGroup;
			children = (
				7D1110241C7F97CB00C903A2 /* CalculadoraIMC */,
				7D1110391C7F97CB00C903A2 /* CalculadoraIMCTests */,
				7D1110441C7F97CB00C903A2 /* CalculadoraIMCUITests */,
				7D1110231C7F97CB00C903A2 /* Products */,
			);
			sourceTree = "<group>";
		};
		7D1110231C7F97CB00C903A2 /* Products */ = {
			isa = PBXGroup;
			children = (
				7D1110221C7F97CB00C903A2 /* CalculadoraIMC.app */,
				7D1110361C7F97CB00C903A2 /* CalculadoraIMCTests.xctest */,
				7D1110411C7F97CB00C903A2 /* CalculadoraIMCUITests.xctest */,
			);
			name = Products;
			sourceTree = "<group>";
		};
		7D1110241C7F97CB00C903A2 /* CalculadoraIMC */ = {
			isa = PBXGroup;
			children = (
				7D1110251C7F97CB00C903A2 /* AppDelegate.swift */,
				7D1110271C7F97CB00C903A2 /* ViewController.swift */,
				7D1110291C7F97CB00C903A2 /* Main.storyboard */,
				7D11102C1C7F97CB00C903A2 /* Assets.xcassets */,
				7D11102E1C7F97CB00C903A2 /* LaunchScreen.storyboard */,
				7D1110311C7F97CB00C903A2 /* Info.plist */,
			);
			path = CalculadoraIMC;
			sourceTree = "<group>";
		};
		7D1110391C7F97CB00C903A2 /* CalculadoraIMCTests */ = {
			isa = PBXGroup;
			children = (
				7D11103A1C7F97CB00C903A2 /* CalculadoraIMCTests.swift */,
				7D11103C1C7F97CB00C903A2 /* Info.plist */,
			);
			path = CalculadoraIMCTests;
			sourceTree = "<group>";
		};
		7D1110441C7F97CB00C903A2 /* CalculadoraIMCUITests */ = {
			isa = PBXGroup;
			children = (
				7D1110451C7F97CB00C903A2 /* CalculadoraIMCUITests.swift */,
				7D1110471C7F97CB00C903A2 /* Info.plist */,
			);
			path = CalculadoraIMCUITests;
			sourceTree = "<group>";
		};
/* End PBXGroup section */

/* Begin PBXNativeTarget section */
		7D1110211C7F97CB00C903A2 /* CalculadoraIMC */ = {
			isa = PBXNativeTarget;
			buildConfigurationList = 7D11104A1C7F97CB00C903A2 /* Build configuration list for PBXNativeTarget "CalculadoraIMC" */;
			buildPhases = (
				7D11101E1C7F97CB00C903A2 /* Sources */,
				7D11101F1C7F97CB00C903A2 /* Frameworks */,
				7D1110201C7F97CB00C903A2 /* Resources */,
			);
			buildRules = (
			);
			dependencies = (
			);
			name = CalculadoraIMC;
			productName = CalculadoraIMC;
			productReference = 7D1110221C7F97CB00C903A2 /* CalculadoraIMC.app */;
			productType = "com.apple.product-type.application";
		};
		7D1110351C7F97CB00C903A2 /* CalculadoraIMCTests */ = {
			isa = PBXNativeTarget;
			buildConfigurationList = 7D11104D1C7F97CB00C903A2 /* Build configuration list for PBXNativeTarget "CalculadoraIMCTests" */;
			buildPhases = (
				7D1110321C7F97CB00C903A2 /* Sources */,
				7D1110331C7F97CB00C903A2 /* Frameworks */,
				7D1110341C7F97CB00C903A2 /* Resources */,
			);
			buildRules = (
			);
			dependencies = (
				7D1110381C7F97CB00C903A2 /* PBXTargetDependency */,
			);
			name = CalculadoraIMCTests;
			productName = CalculadoraIMCTests;
			productReference = 7D1110361C7F97CB00C903A2 /* CalculadoraIMCTests.xctest */;
			productType = "com.apple.product-type.bundle.unit-test";
		};
		7D1110401C7F97CB00C903A2 /* CalculadoraIMCUITests */ = {
			isa = PBXNativeTarget;
			buildConfigurationList = 7D1110501C7F97CB00C903A2 /* Build configuration list for PBXNativeTarget "CalculadoraIMCUITests" */;
			buildPhases = (
				7D11103D1C7F97CB00C903A2 /* Sources */,
				7D11103E1C7F97CB00C903A2 /* Frameworks */,
				7D11103F1C7F97CB00C903A2 /* Resources */,
			);
			buildRules = (
			);
			dependencies = (
				7D1110431C7F97CB00C903A2 /* PBXTargetDependency */,
			);
			name = CalculadoraIMCUITests;
			productName = CalculadoraIMCUITests;
			productReference = 7D1110411C7F97CB00C903A2 /* CalculadoraIMCUITests.xctest */;
			productType = "com.apple.product-type.bundle.ui-testing";
		};
/* End PBXNativeTarget section */

/* Begin PBXProject section */
		7D11101A1C7F97CB00C903A2 /* Project object */ = {
			isa = PBXProject;
			attributes = {
				LastSwiftUpdateCheck = 0720;
				LastUpgradeCheck = 0720;
				ORGANIZATIONNAME = "Christian Lizana aranda";
				TargetAttributes = {
					7D1110211C7F97CB00C903A2 = {
						CreatedOnToolsVersion = 7.2.1;
					};
					7D1110351C7F97CB00C903A2 = {
						CreatedOnToolsVersion = 7.2.1;
						TestTargetID = 7D1110211C7F97CB00C903A2;
					};
					7D1110401C7F97CB00C903A2 = {
						CreatedOnToolsVersion = 7.2.1;
						TestTargetID = 7D1110211C7F97CB00C903A2;
					};
				};
			};
			buildConfigurationList = 7D11101D1C7F97CB00C903A2 /* Build configuration list for PBXProject "CalculadoraIMC" */;
			compatibilityVersion = "Xcode 3.2";
			developmentRegion = English;
			hasScannedForEncodings = 0;
			knownRegions = (
				en,
				Base,
			);
			mainGroup = 7D1110191C7F97CB00C903A2;
			productRefGroup = 7D1110231C7F97CB00C903A2 /* Products */;
			projectDirPath = "";
			projectRoot = "";
			targets = (
				7D1110211C7F97CB00C903A2 /* CalculadoraIMC */,
				7D1110351C7F97CB00C903A2 /* CalculadoraIMCTests */,
				7D1110401C7F97CB00C903A2 /* CalculadoraIMCUITests */,
			);
		};
/* End PBXProject section */

/* Begin PBXResourcesBuildPhase section */
		7D1110201C7F97CB00C903A2 /* Resources */ = {
			isa = PBXResourcesBuildPhase;
			buildActionMask = 2147483647;
			files = (
				7D1110301C7F97CB00C903A2 /* LaunchScreen.storyboard in Resources */,
				7D11102D1C7F97CB00C903A2 /* Assets.xcassets in Resources */,
				7D11102B1C7F97CB00C903A2 /* Main.storyboard in Resources */,
			);
			runOnlyForDeploymentPostprocessing = 0;
		};
		7D1110341C7F97CB00C903A2 /* Resources */ = {
			isa = PBXResourcesBuildPhase;
			buildActionMask = 2147483647;
			files = (
			);
			runOnlyForDeploymentPostprocessing = 0;
		};
		7D11103F1C7F97CB00C903A2 /* Resources */ = {
			isa = PBXResourcesBuildPhase;
			buildActionMask = 2147483647;
			files = (
			);
			runOnlyForDeploymentPostprocessing = 0;
		};
/* End PBXResourcesBuildPhase section */

/* Begin PBXSourcesBuildPhase section */
		7D11101E1C7F97CB00C903A2 /* Sources */ = {
			isa = PBXSourcesBuildPhase;
			buildActionMask = 2147483647;
			files = (
				7D1110281C7F97CB00C903A2 /* ViewController.swift in Sources */,
				7D1110261C7F97CB00C903A2 /* AppDelegate.swift in Sources */,
			);
			runOnlyForDeploymentPostprocessing = 0;
		};
		7D1110321C7F97CB00C903A2 /* Sources */ = {
			isa = PBXSourcesBuildPhase;
			buildActionMask = 2147483647;
			files = (
				7D11103B1C7F97CB00C903A2 /* CalculadoraIMCTests.swift in Sources */,
			);
			runOnlyForDeploymentPostprocessing = 0;
		};
		7D11103D1C7F97CB00C903A2 /* Sources */ = {
			isa = PBXSourcesBuildPhase;
			buildActionMask = 2147483647;
			files = (
				7D1110461C7F97CB00C903A2 /* CalculadoraIMCUITests.swift in Sources */,
			);
			runOnlyForDeploymentPostprocessing = 0;
		};
/* End PBXSourcesBuildPhase section */

/* Begin PBXTargetDependency section */
		7D1110381C7F97CB00C903A2 /* PBXTargetDependency */ = {
			isa = PBXTargetDependency;
			target = 7D1110211C7F97CB00C903A2 /* CalculadoraIMC */;
			targetProxy = 7D1110371C7F97CB00C903A2 /* PBXContainerItemProxy */;
		};
		7D1110431C7F97CB00C903A2 /* PBXTargetDependency */ = {
			isa = PBXTargetDependency;
			target = 7D1110211C7F97CB00C903A2 /* CalculadoraIMC */;
			targetProxy = 7D1110421C7F97CB00C903A2 /* PBXContainerItemProxy */;
		};
/* End PBXTargetDependency section */

/* Begin PBXVariantGroup section */
		7D1110291C7F97CB00C903A2 /* Main.storyboard */ = {
			isa = PBXVariantGroup;
			children = (
				7D11102A1C7F97CB00C903A2 /* Base */,
			);
			name = Main.storyboard;
			sourceTree = "<group>";
		};
		7D11102E1C7F97CB00C903A2 /* LaunchScreen.storyboard */ = {
			isa = PBXVariantGroup;
			children = (
				7D11102F1C7F97CB00C903A2 /* Base */,
			);
			name = LaunchScreen.storyboard;
			sourceTree = "<group>";
		};
/* End PBXVariantGroup section */

/* Begin XCBuildConfiguration section */
		7D1110481C7F97CB00C903A2 /* Debug */ = {
			isa = XCBuildConfiguration;
			buildSettings = {
				ALWAYS_SEARCH_USER_PATHS = NO;
				CLANG_CXX_LANGUAGE_STANDARD = "gnu++0x";
				CLANG_CXX_LIBRARY = "libc++";
				CLANG_ENABLE_MODULES = YES;
				CLANG_ENABLE_OBJC_ARC = YES;
				CLANG_WARN_BOOL_CONVERSION = YES;
				CLANG_WARN_CONSTANT_CONVERSION = YES;
				CLANG_WARN_DIRECT_OBJC_ISA_USAGE = YES_ERROR;
				CLANG_WARN_EMPTY_BODY = YES;
				CLANG_WARN_ENUM_CONVERSION = YES;
				CLANG_WARN_INT_CONVERSION = YES;
				CLANG_WARN_OBJC_ROOT_CLASS = YES_ERROR;
				CLANG_WARN_UNREACHABLE_CODE = YES;
				CLANG_WARN__DUPLICATE_METHOD_MATCH = YES;
				"CODE_SIGN_IDENTITY[sdk=iphoneos*]" = "iPhone Developer";
				COPY_PHASE_STRIP = NO;
				DEBUG_INFORMATION_FORMAT = dwarf;
				ENABLE_STRICT_OBJC_MSGSEND = YES;
				ENABLE_TESTABILITY = YES;
				GCC_C_LANGUAGE_STANDARD = gnu99;
				GCC_DYNAMIC_NO_PIC = NO;
				GCC_NO_COMMON_BLOCKS = YES;
				GCC_OPTIMIZATION_LEVEL = 0;
				GCC_PREPROCESSOR_DEFINITIONS = (
					"DEBUG=1",
					"$(inherited)",
				);
				GCC_WARN_64_TO_32_BIT_CONVERSION = YES;
				GCC_WARN_ABOUT_RETURN_TYPE = YES_ERROR;
				GCC_WARN_UNDECLARED_SELECTOR = YES;
				GCC_WARN_UNINITIALIZED_AUTOS = YES_AGGRESSIVE;
				GCC_WARN_UNUSED_FUNCTION = YES;
				GCC_WARN_UNUSED_VARIABLE = YES;
				IPHONEOS_DEPLOYMENT_TARGET = 9.2;
				MTL_ENABLE_DEBUG_INFO = YES;
				ONLY_ACTIVE_ARCH = YES;
				SDKROOT = iphoneos;
				SWIFT_OPTIMIZATION_LEVEL = "-Onone";
				TARGETED_DEVICE_FAMILY = "1,2";
			};
			name = Debug;
		};
		7D1110491C7F97CB00C903A2 /* Release */ = {
			isa = XCBuildConfiguration;
			buildSettings = {
				ALWAYS_SEARCH_USER_PATHS = NO;
				CLANG_CXX_LANGUAGE_STANDARD = "gnu++0x";
				CLANG_CXX_LIBRARY = "libc++";
				CLANG_ENABLE_MODULES = YES;
				CLANG_ENABLE_OBJC_ARC = YES;
				CLANG_WARN_BOOL_CONVERSION = YES;
				CLANG_WARN_CONSTANT_CONVERSION = YES;
				CLANG_WARN_DIRECT_OBJC_ISA_USAGE = YES_ERROR;
				CLANG_WARN_EMPTY_BODY = YES;
				CLANG_WARN_ENUM_CONVERSION = YES;
				CLANG_WARN_INT_CONVERSION = YES;
				CLANG_WARN_OBJC_ROOT_CLASS = YES_ERROR;
				CLANG_WARN_UNREACHABLE_CODE = YES;
				CLANG_WARN__DUPLICATE_METHOD_MATCH = YES;
				"CODE_SIGN_IDENTITY[sdk=iphoneos*]" = "iPhone Developer";
				COPY_PHASE_STRIP = NO;
				DEBUG_INFORMATION_FORMAT = "dwarf-with-dsym";
				ENABLE_NS_ASSERTIONS = NO;
				ENABLE_STRICT_OBJC_MSGSEND = YES;
				GCC_C_LANGUAGE_STANDARD = gnu99;
				GCC_NO_COMMON_BLOCKS = YES;
				GCC_WARN_64_TO_32_BIT_CONVERSION = YES;
				GCC_WARN_ABOUT_RETURN_TYPE = YES_ERROR;
				GCC_WARN_UNDECLARED_SELECTOR = YES;
				GCC_WARN_UNINITIALIZED_AUTOS = YES_AGGRESSIVE;
				GCC_WARN_UNUSED_FUNCTION = YES;
				GCC_WARN_UNUSED_VARIABLE = YES;
				IPHONEOS_DEPLOYMENT_TARGET = 9.2;
				MTL_ENABLE_DEBUG_INFO = NO;
				SDKROOT = iphoneos;
				TARGETED_DEVICE_FAMILY = "1,2";
				VALIDATE_PRODUCT = YES;
			};
			name = Release;
		};
		7D11104B1C7F97CB00C903A2 /* Debug */ = {
			isa = XCBuildConfiguration;
			buildSettings = {
				ASSETCATALOG_COMPILER_APPICON_NAME = AppIcon;
				INFOPLIST_FILE = CalculadoraIMC/Info.plist;
				LD_RUNPATH_SEARCH_PATHS = "$(inherited) @executable_path/Frameworks";
				PRODUCT_BUNDLE_IDENTIFIER = Primera.CalculadoraIMC;
				PRODUCT_NAME = "$(TARGET_NAME)";
			};
			name = Debug;
		};
		7D11104C1C7F97CB00C903A2 /* Release */ = {
			isa = XCBuildConfiguration;
			buildSettings = {
				ASSETCATALOG_COMPILER_APPICON_NAME = AppIcon;
				INFOPLIST_FILE = CalculadoraIMC/Info.plist;
				LD_RUNPATH_SEARCH_PATHS = "$(inherited) @executable_path/Frameworks";
				PRODUCT_BUNDLE_IDENTIFIER = Primera.CalculadoraIMC;
				PRODUCT_NAME = "$(TARGET_NAME)";
			};
			name = Release;
		};
		7D11104E1C7F97CB00C903A2 /* Debug */ = {
			isa = XCBuildConfiguration;
			buildSettings = {
				BUNDLE_LOADER = "$(TEST_HOST)";
				INFOPLIST_FILE = CalculadoraIMCTests/Info.plist;
				LD_RUNPATH_SEARCH_PATHS = "$(inherited) @executable_path/Frameworks @loader_path/Frameworks";
				PRODUCT_BUNDLE_IDENTIFIER = Primera.CalculadoraIMCTests;
				PRODUCT_NAME = "$(TARGET_NAME)";
				TEST_HOST = "$(BUILT_PRODUCTS_DIR)/CalculadoraIMC.app/CalculadoraIMC";
			};
			name = Debug;
		};
		7D11104F1C7F97CB00C903A2 /* Release */ = {
			isa = XCBuildConfiguration;
			buildSettings = {
				BUNDLE_LOADER = "$(TEST_HOST)";
				INFOPLIST_FILE = CalculadoraIMCTests/Info.plist;
				LD_RUNPATH_SEARCH_PATHS = "$(inherited) @executable_path/Frameworks @loader_path/Frameworks";
				PRODUCT_BUNDLE_IDENTIFIER = Primera.CalculadoraIMCTests;
				PRODUCT_NAME = "$(TARGET_NAME)";
				TEST_HOST = "$(BUILT_PRODUCTS_DIR)/CalculadoraIMC.app/CalculadoraIMC";
			};
			name = Release;
		};
		7D1110511C7F97CB00C903A2 /* Debug */ = {
			isa = XCBuildConfiguration;
			buildSettings = {
				INFOPLIST_FILE = CalculadoraIMCUITests/Info.plist;
				LD_RUNPATH_SEARCH_PATHS = "$(inherited) @executable_path/Frameworks @loader_path/Frameworks";
				PRODUCT_BUNDLE_IDENTIFIER = Primera.CalculadoraIMCUITests;
				PRODUCT_NAME = "$(TARGET_NAME)";
				TEST_TARGET_NAME = CalculadoraIMC;
				USES_XCTRUNNER = YES;
			};
			name = Debug;
		};
		7D1110521C7F97CB00C903A2 /* Release */ = {
			isa = XCBuildConfiguration;
			buildSettings = {
				INFOPLIST_FILE = CalculadoraIMCUITests/Info.plist;
				LD_RUNPATH_SEARCH_PATHS = "$(inherited) @executable_path/Frameworks @loader_path/Frameworks";
				PRODUCT_BUNDLE_IDENTIFIER = Primera.CalculadoraIMCUITests;
				PRODUCT_NAME = "$(TARGET_NAME)";
				TEST_TARGET_NAME = CalculadoraIMC;
				USES_XCTRUNNER = YES;
			};
			name = Release;
		};
/* End XCBuildConfiguration section */

/* Begin XCConfigurationList section */
		7D11101D1C7F97CB00C903A2 /* Build configuration list for PBXProject "CalculadoraIMC" */ = {
			isa = XCConfigurationList;
			buildConfigurations = (
				7D1110481C7F97CB00C903A2 /* Debug */,
				7D1110491C7F97CB00C903A2 /* Release */,
			);
			defaultConfigurationIsVisible = 0;
			defaultConfigurationName = Release;
		};
		7D11104A1C7F97CB00C903A2 /* Build configuration list for PBXNativeTarget "CalculadoraIMC" */ = {
			isa = XCConfigurationList;
			buildConfigurations = (
				7D11104B1C7F97CB00C903A2 /* Debug */,
				7D11104C1C7F97CB00C903A2 /* Release */,
			);
			defaultConfigurationIsVisible = 0;
		};
		7D11104D1C7F97CB00C903A2 /* Build configuration list for PBXNativeTarget "CalculadoraIMCTests" */ = {
			isa = XCConfigurationList;
			buildConfigurations = (
				7D11104E1C7F97CB00C903A2 /* Debug */,
				7D11104F1C7F97CB00C903A2 /* Release */,
			);
			defaultConfigurationIsVisible = 0;
		};
		7D1110501C7F97CB00C903A2 /* Build configuration list for PBXNativeTarget "CalculadoraIMCUITests" */ = {
			isa = XCConfigurationList;
			buildConfigurations = (
				7D1110511C7F97CB00C903A2 /* Debug */,
				7D1110521C7F97CB00C903A2 /* Release */,
			);
			defaultConfigurationIsVisible = 0;
		};
/* End XCConfigurationList section */
	};
	rootObject = 7D11101A1C7F97CB00C903A2 /* Project object */;
}
